
Microsoft Visual Studio Solution File, Format Version 12.00
# Visual Studio 15
VisualStudioVersion = 15.0.26403.7
MinimumVisualStudioVersion = 10.0.40219.1
Project("{8BC9CEB8-8B4A-11D0-8D11-00A0C91BC942}") = "Opdrachten", "Opdrachten\Opdrachten.vcxproj", "{1E024435-931C-415E-A60F-777A607BC5A7}"
EndProject
Project("{8BC9CEB8-8B4A-11D0-8D11-00A0C91BC942}") = "Opdracht_6_37", "Opdracht_6_37\Opdracht_6_37.vcxproj", "{FE2BDD88-6CF3-43F2-8793-668B826EC806}"
EndProject
Project("{8BC9CEB8-8B4A-11D0-8D11-00A0C91BC942}") = "Opdracht_7_37", "Opdracht_7_37\Opdracht_7_37.vcxproj", "{3904A900-EF1B-4E65-9BDF-CD51DC40503D}"
EndProject
Project("{8BC9CEB8-8B4A-11D0-8D11-00A0C91BC942}") = "Opdracht_8_9", "Opdracht_8_9\Opdracht_8_9.vcxproj", "{FE7508D1-F383-482E-A8AA-98D0A0754E21}"
EndProject
Project("{8BC9CEB8-8B4A-11D0-8D11-00A0C91BC942}") = "Opdracht_les2_9_7", "Opdracht_les2_9_7\Opdracht_les2_9_7.vcxproj", "{17E5C2DC-313D-4A6D-995E-A5059564D373}"
EndProject
Project("{8BC9CEB8-8B4A-11D0-8D11-00A0C91BC942}") = "Opdracht_les2_10_3", "Opdracht_les2_10_3\Opdracht_les2_10_3.vcxproj", "{FE3AD1C5-6718-4307-9A01-01236F786071}"
EndProject
Project("{8BC9CEB8-8B4A-11D0-8D11-00A0C91BC942}") = "Opdracht_les2_10_5", "Opdracht_les2_10_5\Opdracht_les2_10_5.vcxproj", "{3B3404E9-AEEF-4DC6-B94A-57CDC3DB3090}"
EndProject
Project("{8BC9CEB8-8B4A-11D0-8D11-00A0C91BC942}") = "Opdracht_les2_10_15", "Opdracht_les2_10_15\Opdracht_les2_10_15.vcxproj", "{5C93C60C-1ADB-4354-913C-65AAE1E0EE5E}"
EndProject
Project("{8BC9CEB8-8B4A-11D0-8D11-00A0C91BC942}") = "Opdracht_les2_12_27", "Opdracht_les2_12_27\Opdracht_les2_12_27.vcxproj", "{04866D84-1FBB-48E6-AA1C-7E89E22FDC1D}"
EndProject
Project("{8BC9CEB8-8B4A-11D0-8D11-00A0C91BC942}") = "Opdracht_les3_11_13", "Opdracht_les3_11_13\Opdracht_les3_11_13.vcxproj", "{A8BDECEE-C1B1-4034-A371-CCE211E1AB9A}"
EndProject
Project("{8BC9CEB8-8B4A-11D0-8D11-00A0C91BC942}") = "Opdracht_les3_12_31", "Opdracht_les3_12_31\Opdracht_les3_12_31.vcxproj", "{109F2267-7D56-4A4B-8593-F8D1DB56B1F7}"
EndProject
Global
	GlobalSection(SolutionConfigurationPlatforms) = preSolution
		Debug|x64 = Debug|x64
		Debug|x86 = Debug|x86
		Release|x64 = Release|x64
		Release|x86 = Release|x86
	EndGlobalSection
	GlobalSection(ProjectConfigurationPlatforms) = postSolution
		{1E024435-931C-415E-A60F-777A607BC5A7}.Debug|x64.ActiveCfg = Debug|x64
		{1E024435-931C-415E-A60F-777A607BC5A7}.Debug|x64.Build.0 = Debug|x64
		{1E024435-931C-415E-A60F-777A607BC5A7}.Debug|x86.ActiveCfg = Debug|Win32
		{1E024435-931C-415E-A60F-777A607BC5A7}.Debug|x86.Build.0 = Debug|Win32
		{1E024435-931C-415E-A60F-777A607BC5A7}.Release|x64.ActiveCfg = Release|x64
		{1E024435-931C-415E-A60F-777A607BC5A7}.Release|x64.Build.0 = Release|x64
		{1E024435-931C-415E-A60F-777A607BC5A7}.Release|x86.ActiveCfg = Release|Win32
		{1E024435-931C-415E-A60F-777A607BC5A7}.Release|x86.Build.0 = Release|Win32
		{FE2BDD88-6CF3-43F2-8793-668B826EC806}.Debug|x64.ActiveCfg = Debug|x64
		{FE2BDD88-6CF3-43F2-8793-668B826EC806}.Debug|x64.Build.0 = Debug|x64
		{FE2BDD88-6CF3-43F2-8793-668B826EC806}.Debug|x86.ActiveCfg = Debug|Win32
		{FE2BDD88-6CF3-43F2-8793-668B826EC806}.Debug|x86.Build.0 = Debug|Win32
		{FE2BDD88-6CF3-43F2-8793-668B826EC806}.Release|x64.ActiveCfg = Release|x64
		{FE2BDD88-6CF3-43F2-8793-668B826EC806}.Release|x64.Build.0 = Release|x64
		{FE2BDD88-6CF3-43F2-8793-668B826EC806}.Release|x86.ActiveCfg = Release|Win32
		{FE2BDD88-6CF3-43F2-8793-668B826EC806}.Release|x86.Build.0 = Release|Win32
		{3904A900-EF1B-4E65-9BDF-CD51DC40503D}.Debug|x64.ActiveCfg = Debug|x64
		{3904A900-EF1B-4E65-9BDF-CD51DC40503D}.Debug|x64.Build.0 = Debug|x64
		{3904A900-EF1B-4E65-9BDF-CD51DC40503D}.Debug|x86.ActiveCfg = Debug|Win32
		{3904A900-EF1B-4E65-9BDF-CD51DC40503D}.Debug|x86.Build.0 = Debug|Win32
		{3904A900-EF1B-4E65-9BDF-CD51DC40503D}.Release|x64.ActiveCfg = Release|x64
		{3904A900-EF1B-4E65-9BDF-CD51DC40503D}.Release|x64.Build.0 = Release|x64
		{3904A900-EF1B-4E65-9BDF-CD51DC40503D}.Release|x86.ActiveCfg = Release|Win32
		{3904A900-EF1B-4E65-9BDF-CD51DC40503D}.Release|x86.Build.0 = Release|Win32
		{FE7508D1-F383-482E-A8AA-98D0A0754E21}.Debug|x64.ActiveCfg = Debug|x64
		{FE7508D1-F383-482E-A8AA-98D0A0754E21}.Debug|x64.Build.0 = Debug|x64
		{FE7508D1-F383-482E-A8AA-98D0A0754E21}.Debug|x86.ActiveCfg = Debug|Win32
		{FE7508D1-F383-482E-A8AA-98D0A0754E21}.Debug|x86.Build.0 = Debug|Win32
		{FE7508D1-F383-482E-A8AA-98D0A0754E21}.Release|x64.ActiveCfg = Release|x64
		{FE7508D1-F383-482E-A8AA-98D0A0754E21}.Release|x64.Build.0 = Release|x64
		{FE7508D1-F383-482E-A8AA-98D0A0754E21}.Release|x86.ActiveCfg = Release|Win32
		{FE7508D1-F383-482E-A8AA-98D0A0754E21}.Release|x86.Build.0 = Release|Win32
		{17E5C2DC-313D-4A6D-995E-A5059564D373}.Debug|x64.ActiveCfg = Debug|x64
		{17E5C2DC-313D-4A6D-995E-A5059564D373}.Debug|x64.Build.0 = Debug|x64
		{17E5C2DC-313D-4A6D-995E-A5059564D373}.Debug|x86.ActiveCfg = Debug|Win32
		{17E5C2DC-313D-4A6D-995E-A5059564D373}.Debug|x86.Build.0 = Debug|Win32
		{17E5C2DC-313D-4A6D-995E-A5059564D373}.Release|x64.ActiveCfg = Release|x64
		{17E5C2DC-313D-4A6D-995E-A5059564D373}.Release|x64.Build.0 = Release|x64
		{17E5C2DC-313D-4A6D-995E-A5059564D373}.Release|x86.ActiveCfg = Release|Win32
		{17E5C2DC-313D-4A6D-995E-A5059564D373}.Release|x86.Build.0 = Release|Win32
		{FE3AD1C5-6718-4307-9A01-01236F786071}.Debug|x64.ActiveCfg = Debug|x64
		{FE3AD1C5-6718-4307-9A01-01236F786071}.Debug|x64.Build.0 = Debug|x64
		{FE3AD1C5-6718-4307-9A01-01236F786071}.Debug|x86.ActiveCfg = Debug|Win32
		{FE3AD1C5-6718-4307-9A01-01236F786071}.Debug|x86.Build.0 = Debug|Win32
		{FE3AD1C5-6718-4307-9A01-01236F786071}.Release|x64.ActiveCfg = Release|x64
		{FE3AD1C5-6718-4307-9A01-01236F786071}.Release|x64.Build.0 = Release|x64
		{FE3AD1C5-6718-4307-9A01-01236F786071}.Release|x86.ActiveCfg = Release|Win32
		{FE3AD1C5-6718-4307-9A01-01236F786071}.Release|x86.Build.0 = Release|Win32
		{3B3404E9-AEEF-4DC6-B94A-57CDC3DB3090}.Debug|x64.ActiveCfg = Debug|x64
		{3B3404E9-AEEF-4DC6-B94A-57CDC3DB3090}.Debug|x64.Build.0 = Debug|x64
		{3B3404E9-AEEF-4DC6-B94A-57CDC3DB3090}.Debug|x86.ActiveCfg = Debug|Win32
		{3B3404E9-AEEF-4DC6-B94A-57CDC3DB3090}.Debug|x86.Build.0 = Debug|Win32
		{3B3404E9-AEEF-4DC6-B94A-57CDC3DB3090}.Release|x64.ActiveCfg = Release|x64
		{3B3404E9-AEEF-4DC6-B94A-57CDC3DB3090}.Release|x64.Build.0 = Release|x64
		{3B3404E9-AEEF-4DC6-B94A-57CDC3DB3090}.Release|x86.ActiveCfg = Release|Win32
		{3B3404E9-AEEF-4DC6-B94A-57CDC3DB3090}.Release|x86.Build.0 = Release|Win32
		{5C93C60C-1ADB-4354-913C-65AAE1E0EE5E}.Debug|x64.ActiveCfg = Debug|x64
		{5C93C60C-1ADB-4354-913C-65AAE1E0EE5E}.Debug|x64.Build.0 = Debug|x64
		{5C93C60C-1ADB-4354-913C-65AAE1E0EE5E}.Debug|x86.ActiveCfg = Debug|Win32
		{5C93C60C-1ADB-4354-913C-65AAE1E0EE5E}.Debug|x86.Build.0 = Debug|Win32
		{5C93C60C-1ADB-4354-913C-65AAE1E0EE5E}.Release|x64.ActiveCfg = Release|x64
		{5C93C60C-1ADB-4354-913C-65AAE1E0EE5E}.Release|x64.Build.0 = Release|x64
		{5C93C60C-1ADB-4354-913C-65AAE1E0EE5E}.Release|x86.ActiveCfg = Release|Win32
		{5C93C60C-1ADB-4354-913C-65AAE1E0EE5E}.Release|x86.Build.0 = Release|Win32
		{04866D84-1FBB-48E6-AA1C-7E89E22FDC1D}.Debug|x64.ActiveCfg = Debug|x64
		{04866D84-1FBB-48E6-AA1C-7E89E22FDC1D}.Debug|x64.Build.0 = Debug|x64
		{04866D84-1FBB-48E6-AA1C-7E89E22FDC1D}.Debug|x86.ActiveCfg = Debug|Win32
		{04866D84-1FBB-48E6-AA1C-7E89E22FDC1D}.Debug|x86.Build.0 = Debug|Win32
		{04866D84-1FBB-48E6-AA1C-7E89E22FDC1D}.Release|x64.ActiveCfg = Release|x64
		{04866D84-1FBB-48E6-AA1C-7E89E22FDC1D}.Release|x64.Build.0 = Release|x64
		{04866D84-1FBB-48E6-AA1C-7E89E22FDC1D}.Release|x86.ActiveCfg = Release|Win32
		{04866D84-1FBB-48E6-AA1C-7E89E22FDC1D}.Release|x86.Build.0 = Release|Win32
		{A8BDECEE-C1B1-4034-A371-CCE211E1AB9A}.Debug|x64.ActiveCfg = Debug|x64
		{A8BDECEE-C1B1-4034-A371-CCE211E1AB9A}.Debug|x64.Build.0 = Debug|x64
		{A8BDECEE-C1B1-4034-A371-CCE211E1AB9A}.Debug|x86.ActiveCfg = Debug|Win32
		{A8BDECEE-C1B1-4034-A371-CCE211E1AB9A}.Debug|x86.Build.0 = Debug|Win32
		{A8BDECEE-C1B1-4034-A371-CCE211E1AB9A}.Release|x64.ActiveCfg = Release|x64
		{A8BDECEE-C1B1-4034-A371-CCE211E1AB9A}.Release|x64.Build.0 = Release|x64
		{A8BDECEE-C1B1-4034-A371-CCE211E1AB9A}.Release|x86.ActiveCfg = Release|Win32
		{A8BDECEE-C1B1-4034-A371-CCE211E1AB9A}.Release|x86.Build.0 = Release|Win32
		{109F2267-7D56-4A4B-8593-F8D1DB56B1F7}.Debug|x64.ActiveCfg = Debug|x64
		{109F2267-7D56-4A4B-8593-F8D1DB56B1F7}.Debug|x64.Build.0 = Debug|x64
		{109F2267-7D56-4A4B-8593-F8D1DB56B1F7}.Debug|x86.ActiveCfg = Debug|Win32
		{109F2267-7D56-4A4B-8593-F8D1DB56B1F7}.Debug|x86.Build.0 = Debug|Win32
		{109F2267-7D56-4A4B-8593-F8D1DB56B1F7}.Release|x64.ActiveCfg = Release|x64
		{109F2267-7D56-4A4B-8593-F8D1DB56B1F7}.Release|x64.Build.0 = Release|x64
		{109F2267-7D56-4A4B-8593-F8D1DB56B1F7}.Release|x86.ActiveCfg = Release|Win32
		{109F2267-7D56-4A4B-8593-F8D1DB56B1F7}.Release|x86.Build.0 = Release|Win32
	EndGlobalSection
	GlobalSection(SolutionProperties) = preSolution
		HideSolutionNode = FALSE
	EndGlobalSection
EndGlobal
